
Microsoft Visual Studio Solution File, Format Version 12.00
# Visual Studio Version 16
VisualStudioVersion = 16.0.31911.196
MinimumVisualStudioVersion = 10.0.40219.1
Project("{FAE04EC0-301F-11D3-BF4B-00C04F79EFBC}") = "Lab6_2_CC", "Lab6_2_CC\Lab6_2_CC.csproj", "{A24C4937-2845-45B6-83A0-4C940FC412C8}"
EndProject
Global
	GlobalSection(SolutionConfigurationPlatforms) = preSolution
		Debug|Any CPU = Debug|Any CPU
		Release|Any CPU = Release|Any CPU
	EndGlobalSection
	GlobalSection(ProjectConfigurationPlatforms) = postSolution
		{A24C4937-2845-45B6-83A0-4C940FC412C8}.Debug|Any CPU.ActiveCfg = Debug|Any CPU
		{A24C4937-2845-45B6-83A0-4C940FC412C8}.Debug|Any CPU.Build.0 = Debug|Any CPU
		{A24C4937-2845-45B6-83A0-4C940FC412C8}.Release|Any CPU.ActiveCfg = Release|Any CPU
		{A24C4937-2845-45B6-83A0-4C940FC412C8}.Release|Any CPU.Build.0 = Release|Any CPU
	EndGlobalSection
	GlobalSection(SolutionProperties) = preSolution
		HideSolutionNode = FALSE
	EndGlobalSection
	GlobalSection(ExtensibilityGlobals) = postSolution
		SolutionGuid = {2D694E3F-8C12-4234-B3DD-2C1B0F335D71}
	EndGlobalSection
EndGlobal
